{
  "requires": true,
  "lockfileVersion": 1,
  "dependencies": {
    "@types/arcgis-rest-api": {
      "version": "10.4.4",
      "resolved": "https://registry.npmjs.org/@types/arcgis-rest-api/-/arcgis-rest-api-10.4.4.tgz",
      "integrity": "sha512-5NwSfj4po+03fauyr4F5AxYzu8pbbqmxay+pNr5ef2V3Mj+7OylvV48VKuVoO9m799jhZdH3EQgQBHm3Y6q1Sw==",
      "dev": true
    },
    "@types/geojson": {
      "version": "7946.0.7",
      "resolved": "https://registry.npmjs.org/@types/geojson/-/geojson-7946.0.7.tgz",
      "integrity": "sha512-wE2v81i4C4Ol09RtsWFAqg3BUitWbHSpSlIo+bNdsCJijO9sjme+zm+73ZMCa/qMC8UEERxzGbvmr1cffo2SiQ==",
      "dev": true
    },
    "@types/ol": {
      "version": "5.3.5",
      "resolved": "https://registry.npmjs.org/@types/ol/-/ol-5.3.5.tgz",
      "integrity": "sha512-zX9Epdg4YJvi8diEFgn9sgfpHjij7TEz5lswqe2cvNb3GM9qJRjHU9kKUQDZcJH2aKwKqRQgvyn1IWsJk/MiJA==",
      "dev": true,
      "requires": {
        "@types/arcgis-rest-api": "*",
        "@types/geojson": "*",
        "@types/topojson-specification": "*"
      }
    },
    "@types/topojson-specification": {
      "version": "1.0.1",
      "resolved": "https://registry.npmjs.org/@types/topojson-specification/-/topojson-specification-1.0.1.tgz",
      "integrity": "sha512-ZZYZUgkmUls9Uhxx2WZNt9f/h2+H3abUUjOVmq+AaaDFckC5oAwd+MDp95kBirk+XCXrYj0hfpI6DSUiJMrpYQ==",
      "dev": true,
      "requires": {
        "@types/geojson": "*"
      }
    },
    "ed25519.wasm": {
      "version": "1.0.3",
      "resolved": "https://registry.npmjs.org/ed25519.wasm/-/ed25519.wasm-1.0.3.tgz",
      "integrity": "sha512-CWMAZFrAZDnPOVxAd7+ZVY3kFWK7ne6uOr0MuybyQzhcDgfRl5iobXoZ82qTMs06jHpf08JwXZK/fyUaxfa0dw=="
    },
    "typescript": {
      "version": "3.5.3",
      "resolved": "https://registry.npmjs.org/typescript/-/typescript-3.5.3.tgz",
      "integrity": "sha512-ACzBtm/PhXBDId6a6sDJfroT2pOWt/oOnk4/dElG5G33ZL776N3Y6/6bKZJBFpd+b05F3Ct9qDjMeJmRWtE2/g==",
      "dev": true
    }
  }
}
